
Microsoft Visual Studio Solution File, Format Version 12.00
# Visual Studio Version 17
VisualStudioVersion = 17.5.33627.172
MinimumVisualStudioVersion = 10.0.40219.1
Project("{FAE04EC0-301F-11D3-BF4B-00C04F79EFBC}") = "ThermalDemo", "ThermalDemo\ThermalDemo.csproj", "{806859FF-6749-42B3-8E4D-DF25302F745C}"
EndProject
Project("{FAE04EC0-301F-11D3-BF4B-00C04F79EFBC}") = "ThermalDemo.Main", "ThermalDemo.Main\ThermalDemo.Main.csproj", "{D75BE4AB-93D4-4EDE-981B-68FEE6FAD5D2}"
EndProject
Project("{FAE04EC0-301F-11D3-BF4B-00C04F79EFBC}") = "ThermalDemo.Draw", "ThermalDemo.Draw\ThermalDemo.Draw.csproj", "{C0FA0344-60F4-4EA5-9076-EFFF7C8F3132}"
EndProject
Project("{FAE04EC0-301F-11D3-BF4B-00C04F79EFBC}") = "ThermalDemo.Shared", "ThermalDemo.Shared\ThermalDemo.Shared.csproj", "{298484E3-3BFE-4665-B4F5-9DA8CDEA69BB}"
EndProject
Project("{FAE04EC0-301F-11D3-BF4B-00C04F79EFBC}") = "ThermalDemo.Draw.Interfaces", "ThermalDemo.Draw.Interfaces\ThermalDemo.Draw.Interfaces.csproj", "{D6FBBFEB-E898-4CF8-89EF-6FD31777D1E4}"
EndProject
Project("{FAE04EC0-301F-11D3-BF4B-00C04F79EFBC}") = "ThermalDemo.Repository", "ThermalDemo.Repository\ThermalDemo.Repository.csproj", "{A476AC2F-11ED-492E-8312-7856193DA4C8}"
EndProject
Project("{FAE04EC0-301F-11D3-BF4B-00C04F79EFBC}") = "ThermalDemo.Repository.Interfaces", "ThermalDemo.Repository.Interfaces\ThermalDemo.Repository.Interfaces.csproj", "{0DB1C33E-06B5-4B56-BD77-3E011CA7B1D0}"
EndProject
Project("{FAE04EC0-301F-11D3-BF4B-00C04F79EFBC}") = "CustomShapes", "CustomShapes\CustomShapes.csproj", "{5BEEB8D7-BFF2-4622-9242-74D8B7E7882F}"
EndProject
Project("{FAE04EC0-301F-11D3-BF4B-00C04F79EFBC}") = "ThermalDemo.Media.Interfaces", "ThermalDemo.Media.Interfaces\ThermalDemo.Media.Interfaces.csproj", "{60062207-302C-46C3-A843-ABD9ADA42744}"
EndProject
Project("{FAE04EC0-301F-11D3-BF4B-00C04F79EFBC}") = "ThermalDemo.MeasureSize", "ThermalDemo.MeasureSize\ThermalDemo.MeasureSize.csproj", "{6CE773C9-360C-412B-8E02-A75835297F56}"
EndProject
Project("{FAE04EC0-301F-11D3-BF4B-00C04F79EFBC}") = "ThermalDemo.MeasureSize.Interfaces", "ThermalDemo.MeasureSize.Interfaces\ThermalDemo.MeasureSize.Interfaces.csproj", "{04DDC359-A6B2-49D2-95F1-5202BEADF6D2}"
EndProject
Project("{FAE04EC0-301F-11D3-BF4B-00C04F79EFBC}") = "ColorPicker", "ColorPicker\ColorPicker.csproj", "{E89F2B3B-5B0B-49BE-8EFE-9336991390A8}"
EndProject
Project("{FAE04EC0-301F-11D3-BF4B-00C04F79EFBC}") = "ColorPicker.Interfaces", "ColorPicker.Interfaces\ColorPicker.Interfaces.csproj", "{79737AFB-6871-493A-92FE-BC3A35DB4CC5}"
EndProject
Project("{FAE04EC0-301F-11D3-BF4B-00C04F79EFBC}") = "ThermalDemo.Media.Test", "ThermalDemo.Media.Test\ThermalDemo.Media.Test.csproj", "{6E1ABAE0-C8C9-4A18-89AC-37BA215B8807}"
EndProject
Project("{FAE04EC0-301F-11D3-BF4B-00C04F79EFBC}") = "ThermalDemo.Media", "ThermalDemo.Media\ThermalDemo.Media.csproj", "{052F6E15-0CB0-4AFB-A34D-C7D29EEECDE1}"
EndProject
Global
	GlobalSection(SolutionConfigurationPlatforms) = preSolution
		Debug|Any CPU = Debug|Any CPU
		Debug|x64 = Debug|x64
		Debug|x86 = Debug|x86
		Release|Any CPU = Release|Any CPU
		Release|x64 = Release|x64
		Release|x86 = Release|x86
	EndGlobalSection
	GlobalSection(ProjectConfigurationPlatforms) = postSolution
		{806859FF-6749-42B3-8E4D-DF25302F745C}.Debug|Any CPU.ActiveCfg = Debug|Any CPU
		{806859FF-6749-42B3-8E4D-DF25302F745C}.Debug|Any CPU.Build.0 = Debug|Any CPU
		{806859FF-6749-42B3-8E4D-DF25302F745C}.Debug|x64.ActiveCfg = Debug|Any CPU
		{806859FF-6749-42B3-8E4D-DF25302F745C}.Debug|x64.Build.0 = Debug|Any CPU
		{806859FF-6749-42B3-8E4D-DF25302F745C}.Debug|x86.ActiveCfg = Debug|Any CPU
		{806859FF-6749-42B3-8E4D-DF25302F745C}.Debug|x86.Build.0 = Debug|Any CPU
		{806859FF-6749-42B3-8E4D-DF25302F745C}.Release|Any CPU.ActiveCfg = Release|Any CPU
		{806859FF-6749-42B3-8E4D-DF25302F745C}.Release|Any CPU.Build.0 = Release|Any CPU
		{806859FF-6749-42B3-8E4D-DF25302F745C}.Release|x64.ActiveCfg = Release|Any CPU
		{806859FF-6749-42B3-8E4D-DF25302F745C}.Release|x64.Build.0 = Release|Any CPU
		{806859FF-6749-42B3-8E4D-DF25302F745C}.Release|x86.ActiveCfg = Release|Any CPU
		{806859FF-6749-42B3-8E4D-DF25302F745C}.Release|x86.Build.0 = Release|Any CPU
		{D75BE4AB-93D4-4EDE-981B-68FEE6FAD5D2}.Debug|Any CPU.ActiveCfg = Debug|Any CPU
		{D75BE4AB-93D4-4EDE-981B-68FEE6FAD5D2}.Debug|Any CPU.Build.0 = Debug|Any CPU
		{D75BE4AB-93D4-4EDE-981B-68FEE6FAD5D2}.Debug|x64.ActiveCfg = Debug|Any CPU
		{D75BE4AB-93D4-4EDE-981B-68FEE6FAD5D2}.Debug|x64.Build.0 = Debug|Any CPU
		{D75BE4AB-93D4-4EDE-981B-68FEE6FAD5D2}.Debug|x86.ActiveCfg = Debug|Any CPU
		{D75BE4AB-93D4-4EDE-981B-68FEE6FAD5D2}.Debug|x86.Build.0 = Debug|Any CPU
		{D75BE4AB-93D4-4EDE-981B-68FEE6FAD5D2}.Release|Any CPU.ActiveCfg = Release|Any CPU
		{D75BE4AB-93D4-4EDE-981B-68FEE6FAD5D2}.Release|Any CPU.Build.0 = Release|Any CPU
		{D75BE4AB-93D4-4EDE-981B-68FEE6FAD5D2}.Release|x64.ActiveCfg = Release|Any CPU
		{D75BE4AB-93D4-4EDE-981B-68FEE6FAD5D2}.Release|x64.Build.0 = Release|Any CPU
		{D75BE4AB-93D4-4EDE-981B-68FEE6FAD5D2}.Release|x86.ActiveCfg = Release|Any CPU
		{D75BE4AB-93D4-4EDE-981B-68FEE6FAD5D2}.Release|x86.Build.0 = Release|Any CPU
		{C0FA0344-60F4-4EA5-9076-EFFF7C8F3132}.Debug|Any CPU.ActiveCfg = Debug|Any CPU
		{C0FA0344-60F4-4EA5-9076-EFFF7C8F3132}.Debug|Any CPU.Build.0 = Debug|Any CPU
		{C0FA0344-60F4-4EA5-9076-EFFF7C8F3132}.Debug|x64.ActiveCfg = Debug|Any CPU
		{C0FA0344-60F4-4EA5-9076-EFFF7C8F3132}.Debug|x64.Build.0 = Debug|Any CPU
		{C0FA0344-60F4-4EA5-9076-EFFF7C8F3132}.Debug|x86.ActiveCfg = Debug|Any CPU
		{C0FA0344-60F4-4EA5-9076-EFFF7C8F3132}.Debug|x86.Build.0 = Debug|Any CPU
		{C0FA0344-60F4-4EA5-9076-EFFF7C8F3132}.Release|Any CPU.ActiveCfg = Release|Any CPU
		{C0FA0344-60F4-4EA5-9076-EFFF7C8F3132}.Release|Any CPU.Build.0 = Release|Any CPU
		{C0FA0344-60F4-4EA5-9076-EFFF7C8F3132}.Release|x64.ActiveCfg = Release|Any CPU
		{C0FA0344-60F4-4EA5-9076-EFFF7C8F3132}.Release|x64.Build.0 = Release|Any CPU
		{C0FA0344-60F4-4EA5-9076-EFFF7C8F3132}.Release|x86.ActiveCfg = Release|Any CPU
		{C0FA0344-60F4-4EA5-9076-EFFF7C8F3132}.Release|x86.Build.0 = Release|Any CPU
		{298484E3-3BFE-4665-B4F5-9DA8CDEA69BB}.Debug|Any CPU.ActiveCfg = Debug|Any CPU
		{298484E3-3BFE-4665-B4F5-9DA8CDEA69BB}.Debug|Any CPU.Build.0 = Debug|Any CPU
		{298484E3-3BFE-4665-B4F5-9DA8CDEA69BB}.Debug|x64.ActiveCfg = Debug|Any CPU
		{298484E3-3BFE-4665-B4F5-9DA8CDEA69BB}.Debug|x64.Build.0 = Debug|Any CPU
		{298484E3-3BFE-4665-B4F5-9DA8CDEA69BB}.Debug|x86.ActiveCfg = Debug|Any CPU
		{298484E3-3BFE-4665-B4F5-9DA8CDEA69BB}.Debug|x86.Build.0 = Debug|Any CPU
		{298484E3-3BFE-4665-B4F5-9DA8CDEA69BB}.Release|Any CPU.ActiveCfg = Release|Any CPU
		{298484E3-3BFE-4665-B4F5-9DA8CDEA69BB}.Release|Any CPU.Build.0 = Release|Any CPU
		{298484E3-3BFE-4665-B4F5-9DA8CDEA69BB}.Release|x64.ActiveCfg = Release|Any CPU
		{298484E3-3BFE-4665-B4F5-9DA8CDEA69BB}.Release|x64.Build.0 = Release|Any CPU
		{298484E3-3BFE-4665-B4F5-9DA8CDEA69BB}.Release|x86.ActiveCfg = Release|Any CPU
		{298484E3-3BFE-4665-B4F5-9DA8CDEA69BB}.Release|x86.Build.0 = Release|Any CPU
		{D6FBBFEB-E898-4CF8-89EF-6FD31777D1E4}.Debug|Any CPU.ActiveCfg = Debug|Any CPU
		{D6FBBFEB-E898-4CF8-89EF-6FD31777D1E4}.Debug|Any CPU.Build.0 = Debug|Any CPU
		{D6FBBFEB-E898-4CF8-89EF-6FD31777D1E4}.Debug|x64.ActiveCfg = Debug|Any CPU
		{D6FBBFEB-E898-4CF8-89EF-6FD31777D1E4}.Debug|x64.Build.0 = Debug|Any CPU
		{D6FBBFEB-E898-4CF8-89EF-6FD31777D1E4}.Debug|x86.ActiveCfg = Debug|Any CPU
		{D6FBBFEB-E898-4CF8-89EF-6FD31777D1E4}.Debug|x86.Build.0 = Debug|Any CPU
		{D6FBBFEB-E898-4CF8-89EF-6FD31777D1E4}.Release|Any CPU.ActiveCfg = Release|Any CPU
		{D6FBBFEB-E898-4CF8-89EF-6FD31777D1E4}.Release|Any CPU.Build.0 = Release|Any CPU
		{D6FBBFEB-E898-4CF8-89EF-6FD31777D1E4}.Release|x64.ActiveCfg = Release|Any CPU
		{D6FBBFEB-E898-4CF8-89EF-6FD31777D1E4}.Release|x64.Build.0 = Release|Any CPU
		{D6FBBFEB-E898-4CF8-89EF-6FD31777D1E4}.Release|x86.ActiveCfg = Release|Any CPU
		{D6FBBFEB-E898-4CF8-89EF-6FD31777D1E4}.Release|x86.Build.0 = Release|Any CPU
		{A476AC2F-11ED-492E-8312-7856193DA4C8}.Debug|Any CPU.ActiveCfg = Debug|Any CPU
		{A476AC2F-11ED-492E-8312-7856193DA4C8}.Debug|Any CPU.Build.0 = Debug|Any CPU
		{A476AC2F-11ED-492E-8312-7856193DA4C8}.Debug|x64.ActiveCfg = Debug|Any CPU
		{A476AC2F-11ED-492E-8312-7856193DA4C8}.Debug|x64.Build.0 = Debug|Any CPU
		{A476AC2F-11ED-492E-8312-7856193DA4C8}.Debug|x86.ActiveCfg = Debug|Any CPU
		{A476AC2F-11ED-492E-8312-7856193DA4C8}.Debug|x86.Build.0 = Debug|Any CPU
		{A476AC2F-11ED-492E-8312-7856193DA4C8}.Release|Any CPU.ActiveCfg = Release|Any CPU
		{A476AC2F-11ED-492E-8312-7856193DA4C8}.Release|Any CPU.Build.0 = Release|Any CPU
		{A476AC2F-11ED-492E-8312-7856193DA4C8}.Release|x64.ActiveCfg = Release|Any CPU
		{A476AC2F-11ED-492E-8312-7856193DA4C8}.Release|x64.Build.0 = Release|Any CPU
		{A476AC2F-11ED-492E-8312-7856193DA4C8}.Release|x86.ActiveCfg = Release|Any CPU
		{A476AC2F-11ED-492E-8312-7856193DA4C8}.Release|x86.Build.0 = Release|Any CPU
		{0DB1C33E-06B5-4B56-BD77-3E011CA7B1D0}.Debug|Any CPU.ActiveCfg = Debug|Any CPU
		{0DB1C33E-06B5-4B56-BD77-3E011CA7B1D0}.Debug|Any CPU.Build.0 = Debug|Any CPU
		{0DB1C33E-06B5-4B56-BD77-3E011CA7B1D0}.Debug|x64.ActiveCfg = Debug|Any CPU
		{0DB1C33E-06B5-4B56-BD77-3E011CA7B1D0}.Debug|x64.Build.0 = Debug|Any CPU
		{0DB1C33E-06B5-4B56-BD77-3E011CA7B1D0}.Debug|x86.ActiveCfg = Debug|Any CPU
		{0DB1C33E-06B5-4B56-BD77-3E011CA7B1D0}.Debug|x86.Build.0 = Debug|Any CPU
		{0DB1C33E-06B5-4B56-BD77-3E011CA7B1D0}.Release|Any CPU.ActiveCfg = Release|Any CPU
		{0DB1C33E-06B5-4B56-BD77-3E011CA7B1D0}.Release|Any CPU.Build.0 = Release|Any CPU
		{0DB1C33E-06B5-4B56-BD77-3E011CA7B1D0}.Release|x64.ActiveCfg = Release|Any CPU
		{0DB1C33E-06B5-4B56-BD77-3E011CA7B1D0}.Release|x64.Build.0 = Release|Any CPU
		{0DB1C33E-06B5-4B56-BD77-3E011CA7B1D0}.Release|x86.ActiveCfg = Release|Any CPU
		{0DB1C33E-06B5-4B56-BD77-3E011CA7B1D0}.Release|x86.Build.0 = Release|Any CPU
		{5BEEB8D7-BFF2-4622-9242-74D8B7E7882F}.Debug|Any CPU.ActiveCfg = Debug|Any CPU
		{5BEEB8D7-BFF2-4622-9242-74D8B7E7882F}.Debug|Any CPU.Build.0 = Debug|Any CPU
		{5BEEB8D7-BFF2-4622-9242-74D8B7E7882F}.Debug|x64.ActiveCfg = Debug|Any CPU
		{5BEEB8D7-BFF2-4622-9242-74D8B7E7882F}.Debug|x64.Build.0 = Debug|Any CPU
		{5BEEB8D7-BFF2-4622-9242-74D8B7E7882F}.Debug|x86.ActiveCfg = Debug|Any CPU
		{5BEEB8D7-BFF2-4622-9242-74D8B7E7882F}.Debug|x86.Build.0 = Debug|Any CPU
		{5BEEB8D7-BFF2-4622-9242-74D8B7E7882F}.Release|Any CPU.ActiveCfg = Release|Any CPU
		{5BEEB8D7-BFF2-4622-9242-74D8B7E7882F}.Release|Any CPU.Build.0 = Release|Any CPU
		{5BEEB8D7-BFF2-4622-9242-74D8B7E7882F}.Release|x64.ActiveCfg = Release|Any CPU
		{5BEEB8D7-BFF2-4622-9242-74D8B7E7882F}.Release|x64.Build.0 = Release|Any CPU
		{5BEEB8D7-BFF2-4622-9242-74D8B7E7882F}.Release|x86.ActiveCfg = Release|Any CPU
		{5BEEB8D7-BFF2-4622-9242-74D8B7E7882F}.Release|x86.Build.0 = Release|Any CPU
		{60062207-302C-46C3-A843-ABD9ADA42744}.Debug|Any CPU.ActiveCfg = Debug|Any CPU
		{60062207-302C-46C3-A843-ABD9ADA42744}.Debug|Any CPU.Build.0 = Debug|Any CPU
		{60062207-302C-46C3-A843-ABD9ADA42744}.Debug|x64.ActiveCfg = Debug|Any CPU
		{60062207-302C-46C3-A843-ABD9ADA42744}.Debug|x64.Build.0 = Debug|Any CPU
		{60062207-302C-46C3-A843-ABD9ADA42744}.Debug|x86.ActiveCfg = Debug|Any CPU
		{60062207-302C-46C3-A843-ABD9ADA42744}.Debug|x86.Build.0 = Debug|Any CPU
		{60062207-302C-46C3-A843-ABD9ADA42744}.Release|Any CPU.ActiveCfg = Release|Any CPU
		{60062207-302C-46C3-A843-ABD9ADA42744}.Release|Any CPU.Build.0 = Release|Any CPU
		{60062207-302C-46C3-A843-ABD9ADA42744}.Release|x64.ActiveCfg = Release|Any CPU
		{60062207-302C-46C3-A843-ABD9ADA42744}.Release|x64.Build.0 = Release|Any CPU
		{60062207-302C-46C3-A843-ABD9ADA42744}.Release|x86.ActiveCfg = Release|Any CPU
		{60062207-302C-46C3-A843-ABD9ADA42744}.Release|x86.Build.0 = Release|Any CPU
		{6CE773C9-360C-412B-8E02-A75835297F56}.Debug|Any CPU.ActiveCfg = Debug|Any CPU
		{6CE773C9-360C-412B-8E02-A75835297F56}.Debug|Any CPU.Build.0 = Debug|Any CPU
		{6CE773C9-360C-412B-8E02-A75835297F56}.Debug|x64.ActiveCfg = Debug|Any CPU
		{6CE773C9-360C-412B-8E02-A75835297F56}.Debug|x64.Build.0 = Debug|Any CPU
		{6CE773C9-360C-412B-8E02-A75835297F56}.Debug|x86.ActiveCfg = Debug|Any CPU
		{6CE773C9-360C-412B-8E02-A75835297F56}.Debug|x86.Build.0 = Debug|Any CPU
		{6CE773C9-360C-412B-8E02-A75835297F56}.Release|Any CPU.ActiveCfg = Release|Any CPU
		{6CE773C9-360C-412B-8E02-A75835297F56}.Release|Any CPU.Build.0 = Release|Any CPU
		{6CE773C9-360C-412B-8E02-A75835297F56}.Release|x64.ActiveCfg = Release|Any CPU
		{6CE773C9-360C-412B-8E02-A75835297F56}.Release|x64.Build.0 = Release|Any CPU
		{6CE773C9-360C-412B-8E02-A75835297F56}.Release|x86.ActiveCfg = Release|Any CPU
		{6CE773C9-360C-412B-8E02-A75835297F56}.Release|x86.Build.0 = Release|Any CPU
		{04DDC359-A6B2-49D2-95F1-5202BEADF6D2}.Debug|Any CPU.ActiveCfg = Debug|Any CPU
		{04DDC359-A6B2-49D2-95F1-5202BEADF6D2}.Debug|Any CPU.Build.0 = Debug|Any CPU
		{04DDC359-A6B2-49D2-95F1-5202BEADF6D2}.Debug|x64.ActiveCfg = Debug|Any CPU
		{04DDC359-A6B2-49D2-95F1-5202BEADF6D2}.Debug|x64.Build.0 = Debug|Any CPU
		{04DDC359-A6B2-49D2-95F1-5202BEADF6D2}.Debug|x86.ActiveCfg = Debug|Any CPU
		{04DDC359-A6B2-49D2-95F1-5202BEADF6D2}.Debug|x86.Build.0 = Debug|Any CPU
		{04DDC359-A6B2-49D2-95F1-5202BEADF6D2}.Release|Any CPU.ActiveCfg = Release|Any CPU
		{04DDC359-A6B2-49D2-95F1-5202BEADF6D2}.Release|Any CPU.Build.0 = Release|Any CPU
		{04DDC359-A6B2-49D2-95F1-5202BEADF6D2}.Release|x64.ActiveCfg = Release|Any CPU
		{04DDC359-A6B2-49D2-95F1-5202BEADF6D2}.Release|x64.Build.0 = Release|Any CPU
		{04DDC359-A6B2-49D2-95F1-5202BEADF6D2}.Release|x86.ActiveCfg = Release|Any CPU
		{04DDC359-A6B2-49D2-95F1-5202BEADF6D2}.Release|x86.Build.0 = Release|Any CPU
		{E89F2B3B-5B0B-49BE-8EFE-9336991390A8}.Debug|Any CPU.ActiveCfg = Debug|Any CPU
		{E89F2B3B-5B0B-49BE-8EFE-9336991390A8}.Debug|Any CPU.Build.0 = Debug|Any CPU
		{E89F2B3B-5B0B-49BE-8EFE-9336991390A8}.Debug|x64.ActiveCfg = Debug|Any CPU
		{E89F2B3B-5B0B-49BE-8EFE-9336991390A8}.Debug|x64.Build.0 = Debug|Any CPU
		{E89F2B3B-5B0B-49BE-8EFE-9336991390A8}.Debug|x86.ActiveCfg = Debug|Any CPU
		{E89F2B3B-5B0B-49BE-8EFE-9336991390A8}.Debug|x86.Build.0 = Debug|Any CPU
		{E89F2B3B-5B0B-49BE-8EFE-9336991390A8}.Release|Any CPU.ActiveCfg = Release|Any CPU
		{E89F2B3B-5B0B-49BE-8EFE-9336991390A8}.Release|Any CPU.Build.0 = Release|Any CPU
		{E89F2B3B-5B0B-49BE-8EFE-9336991390A8}.Release|x64.ActiveCfg = Release|Any CPU
		{E89F2B3B-5B0B-49BE-8EFE-9336991390A8}.Release|x64.Build.0 = Release|Any CPU
		{E89F2B3B-5B0B-49BE-8EFE-9336991390A8}.Release|x86.ActiveCfg = Release|Any CPU
		{E89F2B3B-5B0B-49BE-8EFE-9336991390A8}.Release|x86.Build.0 = Release|Any CPU
		{79737AFB-6871-493A-92FE-BC3A35DB4CC5}.Debug|Any CPU.ActiveCfg = Debug|Any CPU
		{79737AFB-6871-493A-92FE-BC3A35DB4CC5}.Debug|Any CPU.Build.0 = Debug|Any CPU
		{79737AFB-6871-493A-92FE-BC3A35DB4CC5}.Debug|x64.ActiveCfg = Debug|Any CPU
		{79737AFB-6871-493A-92FE-BC3A35DB4CC5}.Debug|x64.Build.0 = Debug|Any CPU
		{79737AFB-6871-493A-92FE-BC3A35DB4CC5}.Debug|x86.ActiveCfg = Debug|Any CPU
		{79737AFB-6871-493A-92FE-BC3A35DB4CC5}.Debug|x86.Build.0 = Debug|Any CPU
		{79737AFB-6871-493A-92FE-BC3A35DB4CC5}.Release|Any CPU.ActiveCfg = Release|Any CPU
		{79737AFB-6871-493A-92FE-BC3A35DB4CC5}.Release|Any CPU.Build.0 = Release|Any CPU
		{79737AFB-6871-493A-92FE-BC3A35DB4CC5}.Release|x64.ActiveCfg = Release|Any CPU
		{79737AFB-6871-493A-92FE-BC3A35DB4CC5}.Release|x64.Build.0 = Release|Any CPU
		{79737AFB-6871-493A-92FE-BC3A35DB4CC5}.Release|x86.ActiveCfg = Release|Any CPU
		{79737AFB-6871-493A-92FE-BC3A35DB4CC5}.Release|x86.Build.0 = Release|Any CPU
		{6E1ABAE0-C8C9-4A18-89AC-37BA215B8807}.Debug|Any CPU.ActiveCfg = Debug|Any CPU
		{6E1ABAE0-C8C9-4A18-89AC-37BA215B8807}.Debug|Any CPU.Build.0 = Debug|Any CPU
		{6E1ABAE0-C8C9-4A18-89AC-37BA215B8807}.Debug|x64.ActiveCfg = Debug|Any CPU
		{6E1ABAE0-C8C9-4A18-89AC-37BA215B8807}.Debug|x64.Build.0 = Debug|Any CPU
		{6E1ABAE0-C8C9-4A18-89AC-37BA215B8807}.Debug|x86.ActiveCfg = Debug|Any CPU
		{6E1ABAE0-C8C9-4A18-89AC-37BA215B8807}.Debug|x86.Build.0 = Debug|Any CPU
		{6E1ABAE0-C8C9-4A18-89AC-37BA215B8807}.Release|Any CPU.ActiveCfg = Release|Any CPU
		{6E1ABAE0-C8C9-4A18-89AC-37BA215B8807}.Release|Any CPU.Build.0 = Release|Any CPU
		{6E1ABAE0-C8C9-4A18-89AC-37BA215B8807}.Release|x64.ActiveCfg = Release|Any CPU
		{6E1ABAE0-C8C9-4A18-89AC-37BA215B8807}.Release|x64.Build.0 = Release|Any CPU
		{6E1ABAE0-C8C9-4A18-89AC-37BA215B8807}.Release|x86.ActiveCfg = Release|Any CPU
		{6E1ABAE0-C8C9-4A18-89AC-37BA215B8807}.Release|x86.Build.0 = Release|Any CPU
		{052F6E15-0CB0-4AFB-A34D-C7D29EEECDE1}.Debug|Any CPU.ActiveCfg = Debug|Any CPU
		{052F6E15-0CB0-4AFB-A34D-C7D29EEECDE1}.Debug|Any CPU.Build.0 = Debug|Any CPU
		{052F6E15-0CB0-4AFB-A34D-C7D29EEECDE1}.Debug|x64.ActiveCfg = Debug|Any CPU
		{052F6E15-0CB0-4AFB-A34D-C7D29EEECDE1}.Debug|x64.Build.0 = Debug|Any CPU
		{052F6E15-0CB0-4AFB-A34D-C7D29EEECDE1}.Debug|x86.ActiveCfg = Debug|Any CPU
		{052F6E15-0CB0-4AFB-A34D-C7D29EEECDE1}.Debug|x86.Build.0 = Debug|Any CPU
		{052F6E15-0CB0-4AFB-A34D-C7D29EEECDE1}.Release|Any CPU.ActiveCfg = Release|Any CPU
		{052F6E15-0CB0-4AFB-A34D-C7D29EEECDE1}.Release|Any CPU.Build.0 = Release|Any CPU
		{052F6E15-0CB0-4AFB-A34D-C7D29EEECDE1}.Release|x64.ActiveCfg = Release|Any CPU
		{052F6E15-0CB0-4AFB-A34D-C7D29EEECDE1}.Release|x64.Build.0 = Release|Any CPU
		{052F6E15-0CB0-4AFB-A34D-C7D29EEECDE1}.Release|x86.ActiveCfg = Release|Any CPU
		{052F6E15-0CB0-4AFB-A34D-C7D29EEECDE1}.Release|x86.Build.0 = Release|Any CPU
	EndGlobalSection
	GlobalSection(SolutionProperties) = preSolution
		HideSolutionNode = FALSE
	EndGlobalSection
	GlobalSection(ExtensibilityGlobals) = postSolution
		SolutionGuid = {C2C9BE22-F65F-47D8-B8DC-107B93A44544}
	EndGlobalSection
EndGlobal
